
Microsoft Visual Studio Solution File, Format Version 12.00
# Visual Studio 2012
Project("{FAE04EC0-301F-11D3-BF4B-00C04F79EFBC}") = "EasyPaint", "EasyPaint\EasyPaint.csproj", "{32DEC5B2-CB71-4C96-B1D8-B3532900247C}"
EndProject
Project("{FAE04EC0-301F-11D3-BF4B-00C04F79EFBC}") = "DrawingBoard", "DrawingBoard\DrawingBoard.csproj", "{B83FB793-E618-4077-B301-10894D036A98}"
EndProject
Project("{FAE04EC0-301F-11D3-BF4B-00C04F79EFBC}") = "EasyPaint.Tester", "EasyPaint.Tester\EasyPaint.Tester.csproj", "{C80BE0E4-4347-416B-BDCB-F0A128AE02D0}"
EndProject
Project("{FAE04EC0-301F-11D3-BF4B-00C04F79EFBC}") = "Wp8Shared", "..\Wp8Shared\Wp8Shared.csproj", "{0DE89369-4329-47D7-BC62-22B917A1BA9D}"
EndProject
Project("{2150E333-8FDC-42A3-9474-1A3956D46DE8}") = ".nuget", ".nuget", "{A71E1D8C-33A9-4C49-9590-CFE0E440280C}"
	ProjectSection(SolutionItems) = preProject
		.nuget\NuGet.Config = .nuget\NuGet.Config
		.nuget\NuGet.exe = .nuget\NuGet.exe
		.nuget\NuGet.targets = .nuget\NuGet.targets
	EndProjectSection
EndProject
Global
	GlobalSection(SolutionConfigurationPlatforms) = preSolution
		Debug|Any CPU = Debug|Any CPU
		Debug|ARM = Debug|ARM
		Debug|x86 = Debug|x86
		DebugNOINTERNET|Any CPU = DebugNOINTERNET|Any CPU
		DebugNOINTERNET|ARM = DebugNOINTERNET|ARM
		DebugNOINTERNET|x86 = DebugNOINTERNET|x86
		DebugTRIAL|Any CPU = DebugTRIAL|Any CPU
		DebugTRIAL|ARM = DebugTRIAL|ARM
		DebugTRIAL|x86 = DebugTRIAL|x86
		Release|Any CPU = Release|Any CPU
		Release|ARM = Release|ARM
		Release|x86 = Release|x86
		TRIAL|Any CPU = TRIAL|Any CPU
		TRIAL|ARM = TRIAL|ARM
		TRIAL|x86 = TRIAL|x86
	EndGlobalSection
	GlobalSection(ProjectConfigurationPlatforms) = postSolution
		{32DEC5B2-CB71-4C96-B1D8-B3532900247C}.Debug|Any CPU.ActiveCfg = Debug|Any CPU
		{32DEC5B2-CB71-4C96-B1D8-B3532900247C}.Debug|Any CPU.Build.0 = Debug|Any CPU
		{32DEC5B2-CB71-4C96-B1D8-B3532900247C}.Debug|Any CPU.Deploy.0 = Debug|Any CPU
		{32DEC5B2-CB71-4C96-B1D8-B3532900247C}.Debug|ARM.ActiveCfg = Debug|ARM
		{32DEC5B2-CB71-4C96-B1D8-B3532900247C}.Debug|ARM.Build.0 = Debug|ARM
		{32DEC5B2-CB71-4C96-B1D8-B3532900247C}.Debug|ARM.Deploy.0 = Debug|ARM
		{32DEC5B2-CB71-4C96-B1D8-B3532900247C}.Debug|x86.ActiveCfg = Debug|x86
		{32DEC5B2-CB71-4C96-B1D8-B3532900247C}.Debug|x86.Build.0 = Debug|x86
		{32DEC5B2-CB71-4C96-B1D8-B3532900247C}.Debug|x86.Deploy.0 = Debug|x86
		{32DEC5B2-CB71-4C96-B1D8-B3532900247C}.DebugNOINTERNET|Any CPU.ActiveCfg = Debug|Any CPU
		{32DEC5B2-CB71-4C96-B1D8-B3532900247C}.DebugNOINTERNET|Any CPU.Build.0 = Debug|Any CPU
		{32DEC5B2-CB71-4C96-B1D8-B3532900247C}.DebugNOINTERNET|Any CPU.Deploy.0 = Debug|Any CPU
		{32DEC5B2-CB71-4C96-B1D8-B3532900247C}.DebugNOINTERNET|ARM.ActiveCfg = DebugNOINTERNET|ARM
		{32DEC5B2-CB71-4C96-B1D8-B3532900247C}.DebugNOINTERNET|ARM.Build.0 = DebugNOINTERNET|ARM
		{32DEC5B2-CB71-4C96-B1D8-B3532900247C}.DebugNOINTERNET|ARM.Deploy.0 = DebugNOINTERNET|ARM
		{32DEC5B2-CB71-4C96-B1D8-B3532900247C}.DebugNOINTERNET|x86.ActiveCfg = DebugNOINTERNET|x86
		{32DEC5B2-CB71-4C96-B1D8-B3532900247C}.DebugNOINTERNET|x86.Build.0 = DebugNOINTERNET|x86
		{32DEC5B2-CB71-4C96-B1D8-B3532900247C}.DebugNOINTERNET|x86.Deploy.0 = DebugNOINTERNET|x86
		{32DEC5B2-CB71-4C96-B1D8-B3532900247C}.DebugTRIAL|Any CPU.ActiveCfg = Debug|Any CPU
		{32DEC5B2-CB71-4C96-B1D8-B3532900247C}.DebugTRIAL|Any CPU.Build.0 = Debug|Any CPU
		{32DEC5B2-CB71-4C96-B1D8-B3532900247C}.DebugTRIAL|Any CPU.Deploy.0 = Debug|Any CPU
		{32DEC5B2-CB71-4C96-B1D8-B3532900247C}.DebugTRIAL|ARM.ActiveCfg = DebugTRIAL|ARM
		{32DEC5B2-CB71-4C96-B1D8-B3532900247C}.DebugTRIAL|ARM.Build.0 = DebugTRIAL|ARM
		{32DEC5B2-CB71-4C96-B1D8-B3532900247C}.DebugTRIAL|ARM.Deploy.0 = DebugTRIAL|ARM
		{32DEC5B2-CB71-4C96-B1D8-B3532900247C}.DebugTRIAL|x86.ActiveCfg = DebugTRIAL|x86
		{32DEC5B2-CB71-4C96-B1D8-B3532900247C}.DebugTRIAL|x86.Build.0 = DebugTRIAL|x86
		{32DEC5B2-CB71-4C96-B1D8-B3532900247C}.DebugTRIAL|x86.Deploy.0 = DebugTRIAL|x86
		{32DEC5B2-CB71-4C96-B1D8-B3532900247C}.Release|Any CPU.ActiveCfg = Release|Any CPU
		{32DEC5B2-CB71-4C96-B1D8-B3532900247C}.Release|Any CPU.Build.0 = Release|Any CPU
		{32DEC5B2-CB71-4C96-B1D8-B3532900247C}.Release|Any CPU.Deploy.0 = Release|Any CPU
		{32DEC5B2-CB71-4C96-B1D8-B3532900247C}.Release|ARM.ActiveCfg = Release|ARM
		{32DEC5B2-CB71-4C96-B1D8-B3532900247C}.Release|ARM.Build.0 = Release|ARM
		{32DEC5B2-CB71-4C96-B1D8-B3532900247C}.Release|ARM.Deploy.0 = Release|ARM
		{32DEC5B2-CB71-4C96-B1D8-B3532900247C}.Release|x86.ActiveCfg = Release|x86
		{32DEC5B2-CB71-4C96-B1D8-B3532900247C}.Release|x86.Build.0 = Release|x86
		{32DEC5B2-CB71-4C96-B1D8-B3532900247C}.Release|x86.Deploy.0 = Release|x86
		{32DEC5B2-CB71-4C96-B1D8-B3532900247C}.TRIAL|Any CPU.ActiveCfg = Release|Any CPU
		{32DEC5B2-CB71-4C96-B1D8-B3532900247C}.TRIAL|Any CPU.Build.0 = Release|Any CPU
		{32DEC5B2-CB71-4C96-B1D8-B3532900247C}.TRIAL|Any CPU.Deploy.0 = Release|Any CPU
		{32DEC5B2-CB71-4C96-B1D8-B3532900247C}.TRIAL|ARM.ActiveCfg = TRIAL|ARM
		{32DEC5B2-CB71-4C96-B1D8-B3532900247C}.TRIAL|ARM.Build.0 = TRIAL|ARM
		{32DEC5B2-CB71-4C96-B1D8-B3532900247C}.TRIAL|ARM.Deploy.0 = TRIAL|ARM
		{32DEC5B2-CB71-4C96-B1D8-B3532900247C}.TRIAL|x86.ActiveCfg = TRIAL|x86
		{32DEC5B2-CB71-4C96-B1D8-B3532900247C}.TRIAL|x86.Build.0 = TRIAL|x86
		{32DEC5B2-CB71-4C96-B1D8-B3532900247C}.TRIAL|x86.Deploy.0 = TRIAL|x86
		{B83FB793-E618-4077-B301-10894D036A98}.Debug|Any CPU.ActiveCfg = Debug|Any CPU
		{B83FB793-E618-4077-B301-10894D036A98}.Debug|Any CPU.Build.0 = Debug|Any CPU
		{B83FB793-E618-4077-B301-10894D036A98}.Debug|ARM.ActiveCfg = Debug|ARM
		{B83FB793-E618-4077-B301-10894D036A98}.Debug|ARM.Build.0 = Debug|ARM
		{B83FB793-E618-4077-B301-10894D036A98}.Debug|x86.ActiveCfg = Debug|x86
		{B83FB793-E618-4077-B301-10894D036A98}.Debug|x86.Build.0 = Debug|x86
		{B83FB793-E618-4077-B301-10894D036A98}.DebugNOINTERNET|Any CPU.ActiveCfg = Debug|Any CPU
		{B83FB793-E618-4077-B301-10894D036A98}.DebugNOINTERNET|Any CPU.Build.0 = Debug|Any CPU
		{B83FB793-E618-4077-B301-10894D036A98}.DebugNOINTERNET|ARM.ActiveCfg = Debug|ARM
		{B83FB793-E618-4077-B301-10894D036A98}.DebugNOINTERNET|ARM.Build.0 = Debug|ARM
		{B83FB793-E618-4077-B301-10894D036A98}.DebugNOINTERNET|x86.ActiveCfg = Debug|x86
		{B83FB793-E618-4077-B301-10894D036A98}.DebugNOINTERNET|x86.Build.0 = Debug|x86
		{B83FB793-E618-4077-B301-10894D036A98}.DebugTRIAL|Any CPU.ActiveCfg = Debug|Any CPU
		{B83FB793-E618-4077-B301-10894D036A98}.DebugTRIAL|Any CPU.Build.0 = Debug|Any CPU
		{B83FB793-E618-4077-B301-10894D036A98}.DebugTRIAL|ARM.ActiveCfg = Debug|ARM
		{B83FB793-E618-4077-B301-10894D036A98}.DebugTRIAL|ARM.Build.0 = Debug|ARM
		{B83FB793-E618-4077-B301-10894D036A98}.DebugTRIAL|x86.ActiveCfg = Debug|x86
		{B83FB793-E618-4077-B301-10894D036A98}.DebugTRIAL|x86.Build.0 = Debug|x86
		{B83FB793-E618-4077-B301-10894D036A98}.Release|Any CPU.ActiveCfg = Release|Any CPU
		{B83FB793-E618-4077-B301-10894D036A98}.Release|Any CPU.Build.0 = Release|Any CPU
		{B83FB793-E618-4077-B301-10894D036A98}.Release|ARM.ActiveCfg = Release|ARM
		{B83FB793-E618-4077-B301-10894D036A98}.Release|ARM.Build.0 = Release|ARM
		{B83FB793-E618-4077-B301-10894D036A98}.Release|x86.ActiveCfg = Release|x86
		{B83FB793-E618-4077-B301-10894D036A98}.Release|x86.Build.0 = Release|x86
		{B83FB793-E618-4077-B301-10894D036A98}.TRIAL|Any CPU.ActiveCfg = Release|Any CPU
		{B83FB793-E618-4077-B301-10894D036A98}.TRIAL|Any CPU.Build.0 = Release|Any CPU
		{B83FB793-E618-4077-B301-10894D036A98}.TRIAL|ARM.ActiveCfg = Release|ARM
		{B83FB793-E618-4077-B301-10894D036A98}.TRIAL|ARM.Build.0 = Release|ARM
		{B83FB793-E618-4077-B301-10894D036A98}.TRIAL|x86.ActiveCfg = Release|x86
		{B83FB793-E618-4077-B301-10894D036A98}.TRIAL|x86.Build.0 = Release|x86
		{C80BE0E4-4347-416B-BDCB-F0A128AE02D0}.Debug|Any CPU.ActiveCfg = Debug|Any CPU
		{C80BE0E4-4347-416B-BDCB-F0A128AE02D0}.Debug|ARM.ActiveCfg = Debug|ARM
		{C80BE0E4-4347-416B-BDCB-F0A128AE02D0}.Debug|ARM.Build.0 = Debug|ARM
		{C80BE0E4-4347-416B-BDCB-F0A128AE02D0}.Debug|ARM.Deploy.0 = Debug|ARM
		{C80BE0E4-4347-416B-BDCB-F0A128AE02D0}.Debug|x86.ActiveCfg = Debug|x86
		{C80BE0E4-4347-416B-BDCB-F0A128AE02D0}.Debug|x86.Build.0 = Debug|x86
		{C80BE0E4-4347-416B-BDCB-F0A128AE02D0}.Debug|x86.Deploy.0 = Debug|x86
		{C80BE0E4-4347-416B-BDCB-F0A128AE02D0}.DebugNOINTERNET|Any CPU.ActiveCfg = Debug|Any CPU
		{C80BE0E4-4347-416B-BDCB-F0A128AE02D0}.DebugNOINTERNET|Any CPU.Build.0 = Debug|Any CPU
		{C80BE0E4-4347-416B-BDCB-F0A128AE02D0}.DebugNOINTERNET|Any CPU.Deploy.0 = Debug|Any CPU
		{C80BE0E4-4347-416B-BDCB-F0A128AE02D0}.DebugNOINTERNET|ARM.ActiveCfg = Debug|ARM
		{C80BE0E4-4347-416B-BDCB-F0A128AE02D0}.DebugNOINTERNET|ARM.Build.0 = Debug|ARM
		{C80BE0E4-4347-416B-BDCB-F0A128AE02D0}.DebugNOINTERNET|ARM.Deploy.0 = Debug|ARM
		{C80BE0E4-4347-416B-BDCB-F0A128AE02D0}.DebugNOINTERNET|x86.ActiveCfg = Debug|x86
		{C80BE0E4-4347-416B-BDCB-F0A128AE02D0}.DebugNOINTERNET|x86.Build.0 = Debug|x86
		{C80BE0E4-4347-416B-BDCB-F0A128AE02D0}.DebugNOINTERNET|x86.Deploy.0 = Debug|x86
		{C80BE0E4-4347-416B-BDCB-F0A128AE02D0}.DebugTRIAL|Any CPU.ActiveCfg = Debug|Any CPU
		{C80BE0E4-4347-416B-BDCB-F0A128AE02D0}.DebugTRIAL|Any CPU.Build.0 = Debug|Any CPU
		{C80BE0E4-4347-416B-BDCB-F0A128AE02D0}.DebugTRIAL|Any CPU.Deploy.0 = Debug|Any CPU
		{C80BE0E4-4347-416B-BDCB-F0A128AE02D0}.DebugTRIAL|ARM.ActiveCfg = Debug|ARM
		{C80BE0E4-4347-416B-BDCB-F0A128AE02D0}.DebugTRIAL|ARM.Build.0 = Debug|ARM
		{C80BE0E4-4347-416B-BDCB-F0A128AE02D0}.DebugTRIAL|ARM.Deploy.0 = Debug|ARM
		{C80BE0E4-4347-416B-BDCB-F0A128AE02D0}.DebugTRIAL|x86.ActiveCfg = Debug|x86
		{C80BE0E4-4347-416B-BDCB-F0A128AE02D0}.DebugTRIAL|x86.Build.0 = Debug|x86
		{C80BE0E4-4347-416B-BDCB-F0A128AE02D0}.DebugTRIAL|x86.Deploy.0 = Debug|x86
		{C80BE0E4-4347-416B-BDCB-F0A128AE02D0}.Release|Any CPU.ActiveCfg = Release|Any CPU
		{C80BE0E4-4347-416B-BDCB-F0A128AE02D0}.Release|ARM.ActiveCfg = Release|ARM
		{C80BE0E4-4347-416B-BDCB-F0A128AE02D0}.Release|ARM.Build.0 = Release|ARM
		{C80BE0E4-4347-416B-BDCB-F0A128AE02D0}.Release|ARM.Deploy.0 = Release|ARM
		{C80BE0E4-4347-416B-BDCB-F0A128AE02D0}.Release|x86.ActiveCfg = Release|x86
		{C80BE0E4-4347-416B-BDCB-F0A128AE02D0}.Release|x86.Build.0 = Release|x86
		{C80BE0E4-4347-416B-BDCB-F0A128AE02D0}.Release|x86.Deploy.0 = Release|x86
		{C80BE0E4-4347-416B-BDCB-F0A128AE02D0}.TRIAL|Any CPU.ActiveCfg = Release|Any CPU
		{C80BE0E4-4347-416B-BDCB-F0A128AE02D0}.TRIAL|Any CPU.Build.0 = Release|Any CPU
		{C80BE0E4-4347-416B-BDCB-F0A128AE02D0}.TRIAL|Any CPU.Deploy.0 = Release|Any CPU
		{C80BE0E4-4347-416B-BDCB-F0A128AE02D0}.TRIAL|ARM.ActiveCfg = Release|ARM
		{C80BE0E4-4347-416B-BDCB-F0A128AE02D0}.TRIAL|ARM.Build.0 = Release|ARM
		{C80BE0E4-4347-416B-BDCB-F0A128AE02D0}.TRIAL|ARM.Deploy.0 = Release|ARM
		{C80BE0E4-4347-416B-BDCB-F0A128AE02D0}.TRIAL|x86.ActiveCfg = Release|x86
		{C80BE0E4-4347-416B-BDCB-F0A128AE02D0}.TRIAL|x86.Build.0 = Release|x86
		{C80BE0E4-4347-416B-BDCB-F0A128AE02D0}.TRIAL|x86.Deploy.0 = Release|x86
		{0DE89369-4329-47D7-BC62-22B917A1BA9D}.Debug|Any CPU.ActiveCfg = Debug|Any CPU
		{0DE89369-4329-47D7-BC62-22B917A1BA9D}.Debug|Any CPU.Build.0 = Debug|Any CPU
		{0DE89369-4329-47D7-BC62-22B917A1BA9D}.Debug|ARM.ActiveCfg = Debug|Any CPU
		{0DE89369-4329-47D7-BC62-22B917A1BA9D}.Debug|x86.ActiveCfg = Debug|Any CPU
		{0DE89369-4329-47D7-BC62-22B917A1BA9D}.DebugNOINTERNET|Any CPU.ActiveCfg = DebugNOINTERNET|Any CPU
		{0DE89369-4329-47D7-BC62-22B917A1BA9D}.DebugNOINTERNET|Any CPU.Build.0 = DebugNOINTERNET|Any CPU
		{0DE89369-4329-47D7-BC62-22B917A1BA9D}.DebugNOINTERNET|ARM.ActiveCfg = DebugNOINTERNET|Any CPU
		{0DE89369-4329-47D7-BC62-22B917A1BA9D}.DebugNOINTERNET|x86.ActiveCfg = DebugNOINTERNET|Any CPU
		{0DE89369-4329-47D7-BC62-22B917A1BA9D}.DebugTRIAL|Any CPU.ActiveCfg = DebugTRIAL|Any CPU
		{0DE89369-4329-47D7-BC62-22B917A1BA9D}.DebugTRIAL|Any CPU.Build.0 = DebugTRIAL|Any CPU
		{0DE89369-4329-47D7-BC62-22B917A1BA9D}.DebugTRIAL|ARM.ActiveCfg = DebugTRIAL|Any CPU
		{0DE89369-4329-47D7-BC62-22B917A1BA9D}.DebugTRIAL|x86.ActiveCfg = DebugTRIAL|Any CPU
		{0DE89369-4329-47D7-BC62-22B917A1BA9D}.Release|Any CPU.ActiveCfg = Release|Any CPU
		{0DE89369-4329-47D7-BC62-22B917A1BA9D}.Release|Any CPU.Build.0 = Release|Any CPU
		{0DE89369-4329-47D7-BC62-22B917A1BA9D}.Release|ARM.ActiveCfg = Release|Any CPU
		{0DE89369-4329-47D7-BC62-22B917A1BA9D}.Release|x86.ActiveCfg = Release|Any CPU
		{0DE89369-4329-47D7-BC62-22B917A1BA9D}.TRIAL|Any CPU.ActiveCfg = TRIAL|Any CPU
		{0DE89369-4329-47D7-BC62-22B917A1BA9D}.TRIAL|Any CPU.Build.0 = TRIAL|Any CPU
		{0DE89369-4329-47D7-BC62-22B917A1BA9D}.TRIAL|ARM.ActiveCfg = TRIAL|Any CPU
		{0DE89369-4329-47D7-BC62-22B917A1BA9D}.TRIAL|x86.ActiveCfg = TRIAL|Any CPU
	EndGlobalSection
	GlobalSection(SolutionProperties) = preSolution
		HideSolutionNode = FALSE
	EndGlobalSection
EndGlobal
